
Microsoft Visual Studio Solution File, Format Version 12.00
# Visual Studio Version 16
VisualStudioVersion = 16.0.33027.164
MinimumVisualStudioVersion = 10.0.40219.1
Project("{FAE04EC0-301F-11D3-BF4B-00C04F79EFBC}") = "ArmProductionScheduler", "ArmProductionScheduler\ArmProductionScheduler.csproj", "{652D11BE-D89F-496B-A3E5-0614BAFF4DD3}"
EndProject
Project("{FAE04EC0-301F-11D3-BF4B-00C04F79EFBC}") = "EpicConnector", "..\..\Epicor-DLL-EpicConnector\EpicConnector\EpicConnector.csproj", "{43CB364C-DA9D-4585-A3A0-A3009BCD6872}"
EndProject
Project("{FAE04EC0-301F-11D3-BF4B-00C04F79EFBC}") = "DatabaseConnections", "..\..\Epicor-DLL-DatabaseConnections\DatabaseConnections\DatabaseConnections.csproj", "{ACD19C7E-112D-41CD-959B-54C7B86F932D}"
EndProject
Project("{FAE04EC0-301F-11D3-BF4B-00C04F79EFBC}") = "Extensions", "..\..\Epicor-DLL-Extensions\Extensions\Extensions\Extensions.csproj", "{2CB025D6-8430-4AE4-B408-DF23F941A6B8}"
EndProject
Project("{FAE04EC0-301F-11D3-BF4B-00C04F79EFBC}") = "EpicUpdater", "..\..\Epicor-DLL-EpicUpdater\EpicUpdater.csproj", "{1160E2B4-B561-4980-8870-BF61B8075E2B}"
EndProject
Project("{FAE04EC0-301F-11D3-BF4B-00C04F79EFBC}") = "Logger", "..\..\Epicor-DLL-Logger\Logger\Logger.csproj", "{901989FF-6C2A-4F87-825A-DE7FC20BDD96}"
EndProject
Project("{FAE04EC0-301F-11D3-BF4B-00C04F79EFBC}") = "EpicUtility", "..\..\Epicor-DLL-EpicUtility\EpicUtility.csproj", "{6365624A-9393-4FB4-AA7C-EF061B1DCDD8}"
EndProject
Global
	GlobalSection(SolutionConfigurationPlatforms) = preSolution
		Debug|Any CPU = Debug|Any CPU
		Debug|x86 = Debug|x86
		Release_ABW|Any CPU = Release_ABW|Any CPU
		Release_ABW|x86 = Release_ABW|x86
		Release_Dev|Any CPU = Release_Dev|Any CPU
		Release_Dev|x86 = Release_Dev|x86
		Release_Live|Any CPU = Release_Live|Any CPU
		Release_Live|x86 = Release_Live|x86
		Release_Test|Any CPU = Release_Test|Any CPU
		Release_Test|x86 = Release_Test|x86
		Release_TJC|Any CPU = Release_TJC|Any CPU
		Release_TJC|x86 = Release_TJC|x86
		Release_Upgrade|Any CPU = Release_Upgrade|Any CPU
		Release_Upgrade|x86 = Release_Upgrade|x86
		Release|Any CPU = Release|Any CPU
		Release|x86 = Release|x86
	EndGlobalSection
	GlobalSection(ProjectConfigurationPlatforms) = postSolution
		{652D11BE-D89F-496B-A3E5-0614BAFF4DD3}.Debug|Any CPU.ActiveCfg = Debug|Any CPU
		{652D11BE-D89F-496B-A3E5-0614BAFF4DD3}.Debug|Any CPU.Build.0 = Debug|Any CPU
		{652D11BE-D89F-496B-A3E5-0614BAFF4DD3}.Debug|x86.ActiveCfg = Debug|Any CPU
		{652D11BE-D89F-496B-A3E5-0614BAFF4DD3}.Debug|x86.Build.0 = Debug|Any CPU
		{652D11BE-D89F-496B-A3E5-0614BAFF4DD3}.Release_ABW|Any CPU.ActiveCfg = Release|Any CPU
		{652D11BE-D89F-496B-A3E5-0614BAFF4DD3}.Release_ABW|Any CPU.Build.0 = Release|Any CPU
		{652D11BE-D89F-496B-A3E5-0614BAFF4DD3}.Release_ABW|x86.ActiveCfg = Release|Any CPU
		{652D11BE-D89F-496B-A3E5-0614BAFF4DD3}.Release_ABW|x86.Build.0 = Release|Any CPU
		{652D11BE-D89F-496B-A3E5-0614BAFF4DD3}.Release_Dev|Any CPU.ActiveCfg = Release|Any CPU
		{652D11BE-D89F-496B-A3E5-0614BAFF4DD3}.Release_Dev|Any CPU.Build.0 = Release|Any CPU
		{652D11BE-D89F-496B-A3E5-0614BAFF4DD3}.Release_Dev|x86.ActiveCfg = Release|Any CPU
		{652D11BE-D89F-496B-A3E5-0614BAFF4DD3}.Release_Dev|x86.Build.0 = Release|Any CPU
		{652D11BE-D89F-496B-A3E5-0614BAFF4DD3}.Release_Live|Any CPU.ActiveCfg = Release|Any CPU
		{652D11BE-D89F-496B-A3E5-0614BAFF4DD3}.Release_Live|Any CPU.Build.0 = Release|Any CPU
		{652D11BE-D89F-496B-A3E5-0614BAFF4DD3}.Release_Live|x86.ActiveCfg = Release|Any CPU
		{652D11BE-D89F-496B-A3E5-0614BAFF4DD3}.Release_Live|x86.Build.0 = Release|Any CPU
		{652D11BE-D89F-496B-A3E5-0614BAFF4DD3}.Release_Test|Any CPU.ActiveCfg = Release_Test|Any CPU
		{652D11BE-D89F-496B-A3E5-0614BAFF4DD3}.Release_Test|Any CPU.Build.0 = Release_Test|Any CPU
		{652D11BE-D89F-496B-A3E5-0614BAFF4DD3}.Release_Test|x86.ActiveCfg = Release|Any CPU
		{652D11BE-D89F-496B-A3E5-0614BAFF4DD3}.Release_Test|x86.Build.0 = Release|Any CPU
		{652D11BE-D89F-496B-A3E5-0614BAFF4DD3}.Release_TJC|Any CPU.ActiveCfg = Release|Any CPU
		{652D11BE-D89F-496B-A3E5-0614BAFF4DD3}.Release_TJC|Any CPU.Build.0 = Release|Any CPU
		{652D11BE-D89F-496B-A3E5-0614BAFF4DD3}.Release_TJC|x86.ActiveCfg = Release|Any CPU
		{652D11BE-D89F-496B-A3E5-0614BAFF4DD3}.Release_TJC|x86.Build.0 = Release|Any CPU
		{652D11BE-D89F-496B-A3E5-0614BAFF4DD3}.Release_Upgrade|Any CPU.ActiveCfg = Release|Any CPU
		{652D11BE-D89F-496B-A3E5-0614BAFF4DD3}.Release_Upgrade|Any CPU.Build.0 = Release|Any CPU
		{652D11BE-D89F-496B-A3E5-0614BAFF4DD3}.Release_Upgrade|x86.ActiveCfg = Release|Any CPU
		{652D11BE-D89F-496B-A3E5-0614BAFF4DD3}.Release_Upgrade|x86.Build.0 = Release|Any CPU
		{652D11BE-D89F-496B-A3E5-0614BAFF4DD3}.Release|Any CPU.ActiveCfg = Release|Any CPU
		{652D11BE-D89F-496B-A3E5-0614BAFF4DD3}.Release|Any CPU.Build.0 = Release|Any CPU
		{652D11BE-D89F-496B-A3E5-0614BAFF4DD3}.Release|x86.ActiveCfg = Release|Any CPU
		{652D11BE-D89F-496B-A3E5-0614BAFF4DD3}.Release|x86.Build.0 = Release|Any CPU
		{43CB364C-DA9D-4585-A3A0-A3009BCD6872}.Debug|Any CPU.ActiveCfg = Debug|Any CPU
		{43CB364C-DA9D-4585-A3A0-A3009BCD6872}.Debug|Any CPU.Build.0 = Debug|Any CPU
		{43CB364C-DA9D-4585-A3A0-A3009BCD6872}.Debug|x86.ActiveCfg = Debug|x86
		{43CB364C-DA9D-4585-A3A0-A3009BCD6872}.Debug|x86.Build.0 = Debug|x86
		{43CB364C-DA9D-4585-A3A0-A3009BCD6872}.Release_ABW|Any CPU.ActiveCfg = Release_ABW|Any CPU
		{43CB364C-DA9D-4585-A3A0-A3009BCD6872}.Release_ABW|Any CPU.Build.0 = Release_ABW|Any CPU
		{43CB364C-DA9D-4585-A3A0-A3009BCD6872}.Release_ABW|x86.ActiveCfg = Release_ABW|x86
		{43CB364C-DA9D-4585-A3A0-A3009BCD6872}.Release_ABW|x86.Build.0 = Release_ABW|x86
		{43CB364C-DA9D-4585-A3A0-A3009BCD6872}.Release_Dev|Any CPU.ActiveCfg = Release_Dev|Any CPU
		{43CB364C-DA9D-4585-A3A0-A3009BCD6872}.Release_Dev|Any CPU.Build.0 = Release_Dev|Any CPU
		{43CB364C-DA9D-4585-A3A0-A3009BCD6872}.Release_Dev|x86.ActiveCfg = Release_Dev|x86
		{43CB364C-DA9D-4585-A3A0-A3009BCD6872}.Release_Dev|x86.Build.0 = Release_Dev|x86
		{43CB364C-DA9D-4585-A3A0-A3009BCD6872}.Release_Live|Any CPU.ActiveCfg = Release_Live|Any CPU
		{43CB364C-DA9D-4585-A3A0-A3009BCD6872}.Release_Live|Any CPU.Build.0 = Release_Live|Any CPU
		{43CB364C-DA9D-4585-A3A0-A3009BCD6872}.Release_Live|x86.ActiveCfg = Release_Live|x86
		{43CB364C-DA9D-4585-A3A0-A3009BCD6872}.Release_Live|x86.Build.0 = Release_Live|x86
		{43CB364C-DA9D-4585-A3A0-A3009BCD6872}.Release_Test|Any CPU.ActiveCfg = Release|Any CPU
		{43CB364C-DA9D-4585-A3A0-A3009BCD6872}.Release_Test|Any CPU.Build.0 = Release|Any CPU
		{43CB364C-DA9D-4585-A3A0-A3009BCD6872}.Release_Test|x86.ActiveCfg = Release_Test|x86
		{43CB364C-DA9D-4585-A3A0-A3009BCD6872}.Release_Test|x86.Build.0 = Release_Test|x86
		{43CB364C-DA9D-4585-A3A0-A3009BCD6872}.Release_TJC|Any CPU.ActiveCfg = Release_TJC|Any CPU
		{43CB364C-DA9D-4585-A3A0-A3009BCD6872}.Release_TJC|Any CPU.Build.0 = Release_TJC|Any CPU
		{43CB364C-DA9D-4585-A3A0-A3009BCD6872}.Release_TJC|x86.ActiveCfg = Release_TJC|x86
		{43CB364C-DA9D-4585-A3A0-A3009BCD6872}.Release_TJC|x86.Build.0 = Release_TJC|x86
		{43CB364C-DA9D-4585-A3A0-A3009BCD6872}.Release_Upgrade|Any CPU.ActiveCfg = Release_Upgrade|Any CPU
		{43CB364C-DA9D-4585-A3A0-A3009BCD6872}.Release_Upgrade|Any CPU.Build.0 = Release_Upgrade|Any CPU
		{43CB364C-DA9D-4585-A3A0-A3009BCD6872}.Release_Upgrade|x86.ActiveCfg = Release_Upgrade|x86
		{43CB364C-DA9D-4585-A3A0-A3009BCD6872}.Release_Upgrade|x86.Build.0 = Release_Upgrade|x86
		{43CB364C-DA9D-4585-A3A0-A3009BCD6872}.Release|Any CPU.ActiveCfg = Release|Any CPU
		{43CB364C-DA9D-4585-A3A0-A3009BCD6872}.Release|Any CPU.Build.0 = Release|Any CPU
		{43CB364C-DA9D-4585-A3A0-A3009BCD6872}.Release|x86.ActiveCfg = Release|x86
		{43CB364C-DA9D-4585-A3A0-A3009BCD6872}.Release|x86.Build.0 = Release|x86
		{ACD19C7E-112D-41CD-959B-54C7B86F932D}.Debug|Any CPU.ActiveCfg = Debug|Any CPU
		{ACD19C7E-112D-41CD-959B-54C7B86F932D}.Debug|Any CPU.Build.0 = Debug|Any CPU
		{ACD19C7E-112D-41CD-959B-54C7B86F932D}.Debug|x86.ActiveCfg = Debug|x86
		{ACD19C7E-112D-41CD-959B-54C7B86F932D}.Debug|x86.Build.0 = Debug|x86
		{ACD19C7E-112D-41CD-959B-54C7B86F932D}.Release_ABW|Any CPU.ActiveCfg = Release_ABW|Any CPU
		{ACD19C7E-112D-41CD-959B-54C7B86F932D}.Release_ABW|Any CPU.Build.0 = Release_ABW|Any CPU
		{ACD19C7E-112D-41CD-959B-54C7B86F932D}.Release_ABW|x86.ActiveCfg = Release_ABW|x86
		{ACD19C7E-112D-41CD-959B-54C7B86F932D}.Release_ABW|x86.Build.0 = Release_ABW|x86
		{ACD19C7E-112D-41CD-959B-54C7B86F932D}.Release_Dev|Any CPU.ActiveCfg = Release_Dev|Any CPU
		{ACD19C7E-112D-41CD-959B-54C7B86F932D}.Release_Dev|Any CPU.Build.0 = Release_Dev|Any CPU
		{ACD19C7E-112D-41CD-959B-54C7B86F932D}.Release_Dev|x86.ActiveCfg = Release_Dev|x86
		{ACD19C7E-112D-41CD-959B-54C7B86F932D}.Release_Dev|x86.Build.0 = Release_Dev|x86
		{ACD19C7E-112D-41CD-959B-54C7B86F932D}.Release_Live|Any CPU.ActiveCfg = Release_Live|Any CPU
		{ACD19C7E-112D-41CD-959B-54C7B86F932D}.Release_Live|Any CPU.Build.0 = Release_Live|Any CPU
		{ACD19C7E-112D-41CD-959B-54C7B86F932D}.Release_Live|x86.ActiveCfg = Release_Live|x86
		{ACD19C7E-112D-41CD-959B-54C7B86F932D}.Release_Live|x86.Build.0 = Release_Live|x86
		{ACD19C7E-112D-41CD-959B-54C7B86F932D}.Release_Test|Any CPU.ActiveCfg = Release|Any CPU
		{ACD19C7E-112D-41CD-959B-54C7B86F932D}.Release_Test|Any CPU.Build.0 = Release|Any CPU
		{ACD19C7E-112D-41CD-959B-54C7B86F932D}.Release_Test|x86.ActiveCfg = Release_Test|x86
		{ACD19C7E-112D-41CD-959B-54C7B86F932D}.Release_Test|x86.Build.0 = Release_Test|x86
		{ACD19C7E-112D-41CD-959B-54C7B86F932D}.Release_TJC|Any CPU.ActiveCfg = Release_Test|Any CPU
		{ACD19C7E-112D-41CD-959B-54C7B86F932D}.Release_TJC|Any CPU.Build.0 = Release_Test|Any CPU
		{ACD19C7E-112D-41CD-959B-54C7B86F932D}.Release_TJC|x86.ActiveCfg = Release_Test|x86
		{ACD19C7E-112D-41CD-959B-54C7B86F932D}.Release_TJC|x86.Build.0 = Release_Test|x86
		{ACD19C7E-112D-41CD-959B-54C7B86F932D}.Release_Upgrade|Any CPU.ActiveCfg = Release_Test|Any CPU
		{ACD19C7E-112D-41CD-959B-54C7B86F932D}.Release_Upgrade|Any CPU.Build.0 = Release_Test|Any CPU
		{ACD19C7E-112D-41CD-959B-54C7B86F932D}.Release_Upgrade|x86.ActiveCfg = Release_Test|x86
		{ACD19C7E-112D-41CD-959B-54C7B86F932D}.Release_Upgrade|x86.Build.0 = Release_Test|x86
		{ACD19C7E-112D-41CD-959B-54C7B86F932D}.Release|Any CPU.ActiveCfg = Release|Any CPU
		{ACD19C7E-112D-41CD-959B-54C7B86F932D}.Release|Any CPU.Build.0 = Release|Any CPU
		{ACD19C7E-112D-41CD-959B-54C7B86F932D}.Release|x86.ActiveCfg = Release|x86
		{ACD19C7E-112D-41CD-959B-54C7B86F932D}.Release|x86.Build.0 = Release|x86
		{2CB025D6-8430-4AE4-B408-DF23F941A6B8}.Debug|Any CPU.ActiveCfg = Debug|Any CPU
		{2CB025D6-8430-4AE4-B408-DF23F941A6B8}.Debug|Any CPU.Build.0 = Debug|Any CPU
		{2CB025D6-8430-4AE4-B408-DF23F941A6B8}.Debug|x86.ActiveCfg = Debug|Any CPU
		{2CB025D6-8430-4AE4-B408-DF23F941A6B8}.Debug|x86.Build.0 = Debug|Any CPU
		{2CB025D6-8430-4AE4-B408-DF23F941A6B8}.Release_ABW|Any CPU.ActiveCfg = Release_TJC|Any CPU
		{2CB025D6-8430-4AE4-B408-DF23F941A6B8}.Release_ABW|Any CPU.Build.0 = Release_TJC|Any CPU
		{2CB025D6-8430-4AE4-B408-DF23F941A6B8}.Release_ABW|x86.ActiveCfg = Release_TJC|Any CPU
		{2CB025D6-8430-4AE4-B408-DF23F941A6B8}.Release_ABW|x86.Build.0 = Release_TJC|Any CPU
		{2CB025D6-8430-4AE4-B408-DF23F941A6B8}.Release_Dev|Any CPU.ActiveCfg = Release_TJC|Any CPU
		{2CB025D6-8430-4AE4-B408-DF23F941A6B8}.Release_Dev|Any CPU.Build.0 = Release_TJC|Any CPU
		{2CB025D6-8430-4AE4-B408-DF23F941A6B8}.Release_Dev|x86.ActiveCfg = Release_TJC|Any CPU
		{2CB025D6-8430-4AE4-B408-DF23F941A6B8}.Release_Dev|x86.Build.0 = Release_TJC|Any CPU
		{2CB025D6-8430-4AE4-B408-DF23F941A6B8}.Release_Live|Any CPU.ActiveCfg = Release_TJC|Any CPU
		{2CB025D6-8430-4AE4-B408-DF23F941A6B8}.Release_Live|Any CPU.Build.0 = Release_TJC|Any CPU
		{2CB025D6-8430-4AE4-B408-DF23F941A6B8}.Release_Live|x86.ActiveCfg = Release_TJC|Any CPU
		{2CB025D6-8430-4AE4-B408-DF23F941A6B8}.Release_Live|x86.Build.0 = Release_TJC|Any CPU
		{2CB025D6-8430-4AE4-B408-DF23F941A6B8}.Release_Test|Any CPU.ActiveCfg = Release|Any CPU
		{2CB025D6-8430-4AE4-B408-DF23F941A6B8}.Release_Test|Any CPU.Build.0 = Release|Any CPU
		{2CB025D6-8430-4AE4-B408-DF23F941A6B8}.Release_Test|x86.ActiveCfg = Release_TJC|Any CPU
		{2CB025D6-8430-4AE4-B408-DF23F941A6B8}.Release_Test|x86.Build.0 = Release_TJC|Any CPU
		{2CB025D6-8430-4AE4-B408-DF23F941A6B8}.Release_TJC|Any CPU.ActiveCfg = Release_TJC|Any CPU
		{2CB025D6-8430-4AE4-B408-DF23F941A6B8}.Release_TJC|Any CPU.Build.0 = Release_TJC|Any CPU
		{2CB025D6-8430-4AE4-B408-DF23F941A6B8}.Release_TJC|x86.ActiveCfg = Release_TJC|Any CPU
		{2CB025D6-8430-4AE4-B408-DF23F941A6B8}.Release_TJC|x86.Build.0 = Release_TJC|Any CPU
		{2CB025D6-8430-4AE4-B408-DF23F941A6B8}.Release_Upgrade|Any CPU.ActiveCfg = Release_TJC|Any CPU
		{2CB025D6-8430-4AE4-B408-DF23F941A6B8}.Release_Upgrade|Any CPU.Build.0 = Release_TJC|Any CPU
		{2CB025D6-8430-4AE4-B408-DF23F941A6B8}.Release_Upgrade|x86.ActiveCfg = Release_TJC|Any CPU
		{2CB025D6-8430-4AE4-B408-DF23F941A6B8}.Release_Upgrade|x86.Build.0 = Release_TJC|Any CPU
		{2CB025D6-8430-4AE4-B408-DF23F941A6B8}.Release|Any CPU.ActiveCfg = Release|Any CPU
		{2CB025D6-8430-4AE4-B408-DF23F941A6B8}.Release|Any CPU.Build.0 = Release|Any CPU
		{2CB025D6-8430-4AE4-B408-DF23F941A6B8}.Release|x86.ActiveCfg = Release|Any CPU
		{2CB025D6-8430-4AE4-B408-DF23F941A6B8}.Release|x86.Build.0 = Release|Any CPU
		{1160E2B4-B561-4980-8870-BF61B8075E2B}.Debug|Any CPU.ActiveCfg = Debug|Any CPU
		{1160E2B4-B561-4980-8870-BF61B8075E2B}.Debug|Any CPU.Build.0 = Debug|Any CPU
		{1160E2B4-B561-4980-8870-BF61B8075E2B}.Debug|x86.ActiveCfg = Debug|x86
		{1160E2B4-B561-4980-8870-BF61B8075E2B}.Debug|x86.Build.0 = Debug|x86
		{1160E2B4-B561-4980-8870-BF61B8075E2B}.Release_ABW|Any CPU.ActiveCfg = Release_Test|Any CPU
		{1160E2B4-B561-4980-8870-BF61B8075E2B}.Release_ABW|Any CPU.Build.0 = Release_Test|Any CPU
		{1160E2B4-B561-4980-8870-BF61B8075E2B}.Release_ABW|x86.ActiveCfg = Release_Test|x86
		{1160E2B4-B561-4980-8870-BF61B8075E2B}.Release_ABW|x86.Build.0 = Release_Test|x86
		{1160E2B4-B561-4980-8870-BF61B8075E2B}.Release_Dev|Any CPU.ActiveCfg = Release_Dev|Any CPU
		{1160E2B4-B561-4980-8870-BF61B8075E2B}.Release_Dev|Any CPU.Build.0 = Release_Dev|Any CPU
		{1160E2B4-B561-4980-8870-BF61B8075E2B}.Release_Dev|x86.ActiveCfg = Release_Dev|x86
		{1160E2B4-B561-4980-8870-BF61B8075E2B}.Release_Dev|x86.Build.0 = Release_Dev|x86
		{1160E2B4-B561-4980-8870-BF61B8075E2B}.Release_Live|Any CPU.ActiveCfg = Release_Live|Any CPU
		{1160E2B4-B561-4980-8870-BF61B8075E2B}.Release_Live|Any CPU.Build.0 = Release_Live|Any CPU
		{1160E2B4-B561-4980-8870-BF61B8075E2B}.Release_Live|x86.ActiveCfg = Release_Live|x86
		{1160E2B4-B561-4980-8870-BF61B8075E2B}.Release_Live|x86.Build.0 = Release_Live|x86
		{1160E2B4-B561-4980-8870-BF61B8075E2B}.Release_Test|Any CPU.ActiveCfg = Release|Any CPU
		{1160E2B4-B561-4980-8870-BF61B8075E2B}.Release_Test|Any CPU.Build.0 = Release|Any CPU
		{1160E2B4-B561-4980-8870-BF61B8075E2B}.Release_Test|x86.ActiveCfg = Release_Test|x86
		{1160E2B4-B561-4980-8870-BF61B8075E2B}.Release_Test|x86.Build.0 = Release_Test|x86
		{1160E2B4-B561-4980-8870-BF61B8075E2B}.Release_TJC|Any CPU.ActiveCfg = Release_Test|Any CPU
		{1160E2B4-B561-4980-8870-BF61B8075E2B}.Release_TJC|Any CPU.Build.0 = Release_Test|Any CPU
		{1160E2B4-B561-4980-8870-BF61B8075E2B}.Release_TJC|x86.ActiveCfg = Release_Test|x86
		{1160E2B4-B561-4980-8870-BF61B8075E2B}.Release_TJC|x86.Build.0 = Release_Test|x86
		{1160E2B4-B561-4980-8870-BF61B8075E2B}.Release_Upgrade|Any CPU.ActiveCfg = Release_Upgrade|Any CPU
		{1160E2B4-B561-4980-8870-BF61B8075E2B}.Release_Upgrade|Any CPU.Build.0 = Release_Upgrade|Any CPU
		{1160E2B4-B561-4980-8870-BF61B8075E2B}.Release_Upgrade|x86.ActiveCfg = Release_Upgrade|x86
		{1160E2B4-B561-4980-8870-BF61B8075E2B}.Release_Upgrade|x86.Build.0 = Release_Upgrade|x86
		{1160E2B4-B561-4980-8870-BF61B8075E2B}.Release|Any CPU.ActiveCfg = Release|Any CPU
		{1160E2B4-B561-4980-8870-BF61B8075E2B}.Release|Any CPU.Build.0 = Release|Any CPU
		{1160E2B4-B561-4980-8870-BF61B8075E2B}.Release|x86.ActiveCfg = Release|x86
		{1160E2B4-B561-4980-8870-BF61B8075E2B}.Release|x86.Build.0 = Release|x86
		{901989FF-6C2A-4F87-825A-DE7FC20BDD96}.Debug|Any CPU.ActiveCfg = Debug|Any CPU
		{901989FF-6C2A-4F87-825A-DE7FC20BDD96}.Debug|Any CPU.Build.0 = Debug|Any CPU
		{901989FF-6C2A-4F87-825A-DE7FC20BDD96}.Debug|x86.ActiveCfg = Debug|Any CPU
		{901989FF-6C2A-4F87-825A-DE7FC20BDD96}.Debug|x86.Build.0 = Debug|Any CPU
		{901989FF-6C2A-4F87-825A-DE7FC20BDD96}.Release_ABW|Any CPU.ActiveCfg = Release_Dev|Any CPU
		{901989FF-6C2A-4F87-825A-DE7FC20BDD96}.Release_ABW|Any CPU.Build.0 = Release_Dev|Any CPU
		{901989FF-6C2A-4F87-825A-DE7FC20BDD96}.Release_ABW|x86.ActiveCfg = Release_Dev|Any CPU
		{901989FF-6C2A-4F87-825A-DE7FC20BDD96}.Release_ABW|x86.Build.0 = Release_Dev|Any CPU
		{901989FF-6C2A-4F87-825A-DE7FC20BDD96}.Release_Dev|Any CPU.ActiveCfg = Release_Dev|Any CPU
		{901989FF-6C2A-4F87-825A-DE7FC20BDD96}.Release_Dev|Any CPU.Build.0 = Release_Dev|Any CPU
		{901989FF-6C2A-4F87-825A-DE7FC20BDD96}.Release_Dev|x86.ActiveCfg = Release_Dev|Any CPU
		{901989FF-6C2A-4F87-825A-DE7FC20BDD96}.Release_Dev|x86.Build.0 = Release_Dev|Any CPU
		{901989FF-6C2A-4F87-825A-DE7FC20BDD96}.Release_Live|Any CPU.ActiveCfg = Release_Live|Any CPU
		{901989FF-6C2A-4F87-825A-DE7FC20BDD96}.Release_Live|Any CPU.Build.0 = Release_Live|Any CPU
		{901989FF-6C2A-4F87-825A-DE7FC20BDD96}.Release_Live|x86.ActiveCfg = Release_Live|Any CPU
		{901989FF-6C2A-4F87-825A-DE7FC20BDD96}.Release_Live|x86.Build.0 = Release_Live|Any CPU
		{901989FF-6C2A-4F87-825A-DE7FC20BDD96}.Release_Test|Any CPU.ActiveCfg = Release|Any CPU
		{901989FF-6C2A-4F87-825A-DE7FC20BDD96}.Release_Test|Any CPU.Build.0 = Release|Any CPU
		{901989FF-6C2A-4F87-825A-DE7FC20BDD96}.Release_Test|x86.ActiveCfg = Release_Dev|Any CPU
		{901989FF-6C2A-4F87-825A-DE7FC20BDD96}.Release_Test|x86.Build.0 = Release_Dev|Any CPU
		{901989FF-6C2A-4F87-825A-DE7FC20BDD96}.Release_TJC|Any CPU.ActiveCfg = Release_Dev|Any CPU
		{901989FF-6C2A-4F87-825A-DE7FC20BDD96}.Release_TJC|Any CPU.Build.0 = Release_Dev|Any CPU
		{901989FF-6C2A-4F87-825A-DE7FC20BDD96}.Release_TJC|x86.ActiveCfg = Release_Dev|Any CPU
		{901989FF-6C2A-4F87-825A-DE7FC20BDD96}.Release_TJC|x86.Build.0 = Release_Dev|Any CPU
		{901989FF-6C2A-4F87-825A-DE7FC20BDD96}.Release_Upgrade|Any CPU.ActiveCfg = Release_Upgrade|Any CPU
		{901989FF-6C2A-4F87-825A-DE7FC20BDD96}.Release_Upgrade|Any CPU.Build.0 = Release_Upgrade|Any CPU
		{901989FF-6C2A-4F87-825A-DE7FC20BDD96}.Release_Upgrade|x86.ActiveCfg = Release_Upgrade|Any CPU
		{901989FF-6C2A-4F87-825A-DE7FC20BDD96}.Release_Upgrade|x86.Build.0 = Release_Upgrade|Any CPU
		{901989FF-6C2A-4F87-825A-DE7FC20BDD96}.Release|Any CPU.ActiveCfg = Release|Any CPU
		{901989FF-6C2A-4F87-825A-DE7FC20BDD96}.Release|Any CPU.Build.0 = Release|Any CPU
		{901989FF-6C2A-4F87-825A-DE7FC20BDD96}.Release|x86.ActiveCfg = Release|Any CPU
		{901989FF-6C2A-4F87-825A-DE7FC20BDD96}.Release|x86.Build.0 = Release|Any CPU
		{6365624A-9393-4FB4-AA7C-EF061B1DCDD8}.Debug|Any CPU.ActiveCfg = Debug|Any CPU
		{6365624A-9393-4FB4-AA7C-EF061B1DCDD8}.Debug|Any CPU.Build.0 = Debug|Any CPU
		{6365624A-9393-4FB4-AA7C-EF061B1DCDD8}.Debug|x86.ActiveCfg = Debug|x86
		{6365624A-9393-4FB4-AA7C-EF061B1DCDD8}.Debug|x86.Build.0 = Debug|x86
		{6365624A-9393-4FB4-AA7C-EF061B1DCDD8}.Release_ABW|Any CPU.ActiveCfg = Release_ABW|Any CPU
		{6365624A-9393-4FB4-AA7C-EF061B1DCDD8}.Release_ABW|Any CPU.Build.0 = Release_ABW|Any CPU
		{6365624A-9393-4FB4-AA7C-EF061B1DCDD8}.Release_ABW|x86.ActiveCfg = Release_ABW|x86
		{6365624A-9393-4FB4-AA7C-EF061B1DCDD8}.Release_ABW|x86.Build.0 = Release_ABW|x86
		{6365624A-9393-4FB4-AA7C-EF061B1DCDD8}.Release_Dev|Any CPU.ActiveCfg = Release_Dev|Any CPU
		{6365624A-9393-4FB4-AA7C-EF061B1DCDD8}.Release_Dev|Any CPU.Build.0 = Release_Dev|Any CPU
		{6365624A-9393-4FB4-AA7C-EF061B1DCDD8}.Release_Dev|x86.ActiveCfg = Release_Dev|x86
		{6365624A-9393-4FB4-AA7C-EF061B1DCDD8}.Release_Dev|x86.Build.0 = Release_Dev|x86
		{6365624A-9393-4FB4-AA7C-EF061B1DCDD8}.Release_Live|Any CPU.ActiveCfg = Release_Live|Any CPU
		{6365624A-9393-4FB4-AA7C-EF061B1DCDD8}.Release_Live|Any CPU.Build.0 = Release_Live|Any CPU
		{6365624A-9393-4FB4-AA7C-EF061B1DCDD8}.Release_Live|x86.ActiveCfg = Release_Live|x86
		{6365624A-9393-4FB4-AA7C-EF061B1DCDD8}.Release_Live|x86.Build.0 = Release_Live|x86
		{6365624A-9393-4FB4-AA7C-EF061B1DCDD8}.Release_Test|Any CPU.ActiveCfg = Release|Any CPU
		{6365624A-9393-4FB4-AA7C-EF061B1DCDD8}.Release_Test|Any CPU.Build.0 = Release|Any CPU
		{6365624A-9393-4FB4-AA7C-EF061B1DCDD8}.Release_Test|x86.ActiveCfg = Release_Test|x86
		{6365624A-9393-4FB4-AA7C-EF061B1DCDD8}.Release_Test|x86.Build.0 = Release_Test|x86
		{6365624A-9393-4FB4-AA7C-EF061B1DCDD8}.Release_TJC|Any CPU.ActiveCfg = Release_Test|Any CPU
		{6365624A-9393-4FB4-AA7C-EF061B1DCDD8}.Release_TJC|Any CPU.Build.0 = Release_Test|Any CPU
		{6365624A-9393-4FB4-AA7C-EF061B1DCDD8}.Release_TJC|x86.ActiveCfg = Release_Test|x86
		{6365624A-9393-4FB4-AA7C-EF061B1DCDD8}.Release_TJC|x86.Build.0 = Release_Test|x86
		{6365624A-9393-4FB4-AA7C-EF061B1DCDD8}.Release_Upgrade|Any CPU.ActiveCfg = Release_Upgrade|Any CPU
		{6365624A-9393-4FB4-AA7C-EF061B1DCDD8}.Release_Upgrade|Any CPU.Build.0 = Release_Upgrade|Any CPU
		{6365624A-9393-4FB4-AA7C-EF061B1DCDD8}.Release_Upgrade|x86.ActiveCfg = Release_Upgrade|x86
		{6365624A-9393-4FB4-AA7C-EF061B1DCDD8}.Release_Upgrade|x86.Build.0 = Release_Upgrade|x86
		{6365624A-9393-4FB4-AA7C-EF061B1DCDD8}.Release|Any CPU.ActiveCfg = Release|Any CPU
		{6365624A-9393-4FB4-AA7C-EF061B1DCDD8}.Release|Any CPU.Build.0 = Release|Any CPU
		{6365624A-9393-4FB4-AA7C-EF061B1DCDD8}.Release|x86.ActiveCfg = Release|x86
		{6365624A-9393-4FB4-AA7C-EF061B1DCDD8}.Release|x86.Build.0 = Release|x86
	EndGlobalSection
	GlobalSection(SolutionProperties) = preSolution
		HideSolutionNode = FALSE
	EndGlobalSection
	GlobalSection(ExtensibilityGlobals) = postSolution
		SolutionGuid = {14EDB0C7-E987-4191-9E71-469ADCC15342}
	EndGlobalSection
EndGlobal
